// !$*UTF8*$!
{
	archiveVersion = 1;
	classes = {
	};
	objectVersion = 51;
	objects = {

/* Begin PBXBuildFile section */
		5A0FF6644D919BE6E81788A4 /* Pods_meigenApp.framework in Frameworks */ = {isa = PBXBuildFile; fileRef = 1F1608695FD59A741200E65B /* Pods_meigenApp.framework */; };
		6C025C6B2650F0C1003E5DFF /* LoginViewController.swift in Sources */ = {isa = PBXBuildFile; fileRef = 6C025C6A2650F0C1003E5DFF /* LoginViewController.swift */; };
		6C025C6D2650F536003E5DFF /* GoogleService-Info.plist in Resources */ = {isa = PBXBuildFile; fileRef = 6C025C6C2650F536003E5DFF /* GoogleService-Info.plist */; };
		6C025C6F26524F85003E5DFF /* FeedViewController.swift in Sources */ = {isa = PBXBuildFile; fileRef = 6C025C6E26524F85003E5DFF /* FeedViewController.swift */; };
		6C025C72265259C8003E5DFF /* Feeds.swift in Sources */ = {isa = PBXBuildFile; fileRef = 6C025C71265259C8003E5DFF /* Feeds.swift */; };
		6C025C7826525CEB003E5DFF /* FeedCell.swift in Sources */ = {isa = PBXBuildFile; fileRef = 6C025C7626525CEB003E5DFF /* FeedCell.swift */; };
		6C025C7926525CEB003E5DFF /* FeedCell.xib in Resources */ = {isa = PBXBuildFile; fileRef = 6C025C7726525CEB003E5DFF /* FeedCell.xib */; };
		6C9DEF5B2650C0C500F1FA85 /* AppDelegate.swift in Sources */ = {isa = PBXBuildFile; fileRef = 6C9DEF5A2650C0C500F1FA85 /* AppDelegate.swift */; };
		6C9DEF5D2650C0C500F1FA85 /* SceneDelegate.swift in Sources */ = {isa = PBXBuildFile; fileRef = 6C9DEF5C2650C0C500F1FA85 /* SceneDelegate.swift */; };
		6C9DEF5F2650C0C500F1FA85 /* ViewController.swift in Sources */ = {isa = PBXBuildFile; fileRef = 6C9DEF5E2650C0C500F1FA85 /* ViewController.swift */; };
		6C9DEF622650C0C500F1FA85 /* Main.storyboard in Resources */ = {isa = PBXBuildFile; fileRef = 6C9DEF602650C0C500F1FA85 /* Main.storyboard */; };
		6C9DEF642650C0C600F1FA85 /* Assets.xcassets in Resources */ = {isa = PBXBuildFile; fileRef = 6C9DEF632650C0C600F1FA85 /* Assets.xcassets */; };
		6C9DEF672650C0C600F1FA85 /* LaunchScreen.storyboard in Resources */ = {isa = PBXBuildFile; fileRef = 6C9DEF652650C0C600F1FA85 /* LaunchScreen.storyboard */; };
/* End PBXBuildFile section */

/* Begin PBXFileReference section */
		0BAEF5FA17C8554CAABBD87E /* Pods-meigenApp.release.xcconfig */ = {isa = PBXFileReference; includeInIndex = 1; lastKnownFileType = text.xcconfig; name = "Pods-meigenApp.release.xcconfig"; path = "Target Support Files/Pods-meigenApp/Pods-meigenApp.release.xcconfig"; sourceTree = "<group>"; };
		1F1608695FD59A741200E65B /* Pods_meigenApp.framework */ = {isa = PBXFileReference; explicitFileType = wrapper.framework; includeInIndex = 0; path = Pods_meigenApp.framework; sourceTree = BUILT_PRODUCTS_DIR; };
		6C025C6A2650F0C1003E5DFF /* LoginViewController.swift */ = {isa = PBXFileReference; lastKnownFileType = sourcecode.swift; path = LoginViewController.swift; sourceTree = "<group>"; };
		6C025C6C2650F536003E5DFF /* GoogleService-Info.plist */ = {isa = PBXFileReference; fileEncoding = 4; lastKnownFileType = text.plist.xml; path = "GoogleService-Info.plist"; sourceTree = "<group>"; };
		6C025C6E26524F85003E5DFF /* FeedViewController.swift */ = {isa = PBXFileReference; lastKnownFileType = sourcecode.swift; path = FeedViewController.swift; sourceTree = "<group>"; };
		6C025C71265259C8003E5DFF /* Feeds.swift */ = {isa = PBXFileReference; lastKnownFileType = sourcecode.swift; path = Feeds.swift; sourceTree = "<group>"; };
		6C025C7626525CEB003E5DFF /* FeedCell.swift */ = {isa = PBXFileReference; lastKnownFileType = sourcecode.swift; path = FeedCell.swift; sourceTree = "<group>"; };
		6C025C7726525CEB003E5DFF /* FeedCell.xib */ = {isa = PBXFileReference; lastKnownFileType = file.xib; path = FeedCell.xib; sourceTree = "<group>"; };
		6C9DEF572650C0C500F1FA85 /* meigenApp.app */ = {isa = PBXFileReference; explicitFileType = wrapper.application; includeInIndex = 0; path = meigenApp.app; sourceTree = BUILT_PRODUCTS_DIR; };
		6C9DEF5A2650C0C500F1FA85 /* AppDelegate.swift */ = {isa = PBXFileReference; lastKnownFileType = sourcecode.swift; path = AppDelegate.swift; sourceTree = "<group>"; };
		6C9DEF5C2650C0C500F1FA85 /* SceneDelegate.swift */ = {isa = PBXFileReference; lastKnownFileType = sourcecode.swift; path = SceneDelegate.swift; sourceTree = "<group>"; };
		6C9DEF5E2650C0C500F1FA85 /* ViewController.swift */ = {isa = PBXFileReference; lastKnownFileType = sourcecode.swift; path = ViewController.swift; sourceTree = "<group>"; };
		6C9DEF612650C0C500F1FA85 /* Base */ = {isa = PBXFileReference; lastKnownFileType = file.storyboard; name = Base; path = Base.lproj/Main.storyboard; sourceTree = "<group>"; };
		6C9DEF632650C0C600F1FA85 /* Assets.xcassets */ = {isa = PBXFileReference; lastKnownFileType = folder.assetcatalog; path = Assets.xcassets; sourceTree = "<group>"; };
		6C9DEF662650C0C600F1FA85 /* Base */ = {isa = PBXFileReference; lastKnownFileType = file.storyboard; name = Base; path = Base.lproj/LaunchScreen.storyboard; sourceTree = "<group>"; };
		6C9DEF682650C0C600F1FA85 /* Info.plist */ = {isa = PBXFileReference; lastKnownFileType = text.plist.xml; path = Info.plist; sourceTree = "<group>"; };
		940918223505DC1054555486 /* Pods-meigenApp.debug.xcconfig */ = {isa = PBXFileReference; includeInIndex = 1; lastKnownFileType = text.xcconfig; name = "Pods-meigenApp.debug.xcconfig"; path = "Target Support Files/Pods-meigenApp/Pods-meigenApp.debug.xcconfig"; sourceTree = "<group>"; };
/* End PBXFileReference section */

/* Begin PBXFrameworksBuildPhase section */
		6C9DEF542650C0C500F1FA85 /* Frameworks */ = {
			isa = PBXFrameworksBuildPhase;
			buildActionMask = 2147483647;
			files = (
				5A0FF6644D919BE6E81788A4 /* Pods_meigenApp.framework in Frameworks */,
			);
			runOnlyForDeploymentPostprocessing = 0;
		};
/* End PBXFrameworksBuildPhase section */

/* Begin PBXGroup section */
		1FCBE23A48792EB96E2F5A1F /* Frameworks */ = {
			isa = PBXGroup;
			children = (
				1F1608695FD59A741200E65B /* Pods_meigenApp.framework */,
			);
			name = Frameworks;
			sourceTree = "<group>";
		};
		6C025C692650F072003E5DFF /* Controller */ = {
			isa = PBXGroup;
			children = (
				6C9DEF5E2650C0C500F1FA85 /* ViewController.swift */,
				6C025C6A2650F0C1003E5DFF /* LoginViewController.swift */,
				6C025C6E26524F85003E5DFF /* FeedViewController.swift */,
			);
			path = Controller;
			sourceTree = "<group>";
		};
		6C025C70265259B3003E5DFF /* Model */ = {
			isa = PBXGroup;
			children = (
				6C025C71265259C8003E5DFF /* Feeds.swift */,
			);
			path = Model;
			sourceTree = "<group>";
		};
		6C025C7326525C7F003E5DFF /* View */ = {
			isa = PBXGroup;
			children = (
				6C025C7626525CEB003E5DFF /* FeedCell.swift */,
				6C025C7726525CEB003E5DFF /* FeedCell.xib */,
			);
			path = View;
			sourceTree = "<group>";
		};
		6C9DEF4E2650C0C500F1FA85 = {
			isa = PBXGroup;
			children = (
				6C025C70265259B3003E5DFF /* Model */,
				6C9DEF592650C0C500F1FA85 /* meigenApp */,
				6C9DEF582650C0C500F1FA85 /* Products */,
				BC7B20D85654692D0B9FEC77 /* Pods */,
				1FCBE23A48792EB96E2F5A1F /* Frameworks */,
			);
			sourceTree = "<group>";
		};
		6C9DEF582650C0C500F1FA85 /* Products */ = {
			isa = PBXGroup;
			children = (
				6C9DEF572650C0C500F1FA85 /* meigenApp.app */,
			);
			name = Products;
			sourceTree = "<group>";
		};
		6C9DEF592650C0C500F1FA85 /* meigenApp */ = {
			isa = PBXGroup;
			children = (
				6C9DEF5A2650C0C500F1FA85 /* AppDelegate.swift */,
				6C9DEF5C2650C0C500F1FA85 /* SceneDelegate.swift */,
				6C025C7326525C7F003E5DFF /* View */,
				6C025C692650F072003E5DFF /* Controller */,
				6C9DEF602650C0C500F1FA85 /* Main.storyboard */,
				6C9DEF632650C0C600F1FA85 /* Assets.xcassets */,
				6C9DEF652650C0C600F1FA85 /* LaunchScreen.storyboard */,
				6C9DEF682650C0C600F1FA85 /* Info.plist */,
				6C025C6C2650F536003E5DFF /* GoogleService-Info.plist */,
			);
			path = meigenApp;
			sourceTree = "<group>";
		};
		BC7B20D85654692D0B9FEC77 /* Pods */ = {
			isa = PBXGroup;
			children = (
				940918223505DC1054555486 /* Pods-meigenApp.debug.xcconfig */,
				0BAEF5FA17C8554CAABBD87E /* Pods-meigenApp.release.xcconfig */,
			);
			path = Pods;
			sourceTree = "<group>";
		};
/* End PBXGroup section */

/* Begin PBXNativeTarget section */
		6C9DEF562650C0C500F1FA85 /* meigenApp */ = {
			isa = PBXNativeTarget;
			buildConfigurationList = 6C9DEF6B2650C0C600F1FA85 /* Build configuration list for PBXNativeTarget "meigenApp" */;
			buildPhases = (
				C0247C321783A7923280B054 /* [CP] Check Pods Manifest.lock */,
				6C9DEF532650C0C500F1FA85 /* Sources */,
				6C9DEF542650C0C500F1FA85 /* Frameworks */,
				6C9DEF552650C0C500F1FA85 /* Resources */,
				43B23393DADFA652A7483F22 /* [CP] Embed Pods Frameworks */,
			);
			buildRules = (
			);
			dependencies = (
			);
			name = meigenApp;
			productName = meigenApp;
			productReference = 6C9DEF572650C0C500F1FA85 /* meigenApp.app */;
			productType = "com.apple.product-type.application";
		};
/* End PBXNativeTarget section */

/* Begin PBXProject section */
		6C9DEF4F2650C0C500F1FA85 /* Project object */ = {
			isa = PBXProject;
			attributes = {
				LastSwiftUpdateCheck = 1250;
				LastUpgradeCheck = 1250;
				TargetAttributes = {
					6C9DEF562650C0C500F1FA85 = {
						CreatedOnToolsVersion = 12.5;
					};
				};
			};
			buildConfigurationList = 6C9DEF522650C0C500F1FA85 /* Build configuration list for PBXProject "meigenApp" */;
			compatibilityVersion = "Xcode 9.3";
			developmentRegion = en;
			hasScannedForEncodings = 0;
			knownRegions = (
				en,
				Base,
			);
			mainGroup = 6C9DEF4E2650C0C500F1FA85;
			productRefGroup = 6C9DEF582650C0C500F1FA85 /* Products */;
			projectDirPath = "";
			projectRoot = "";
			targets = (
				6C9DEF562650C0C500F1FA85 /* meigenApp */,
			);
		};
/* End PBXProject section */

/* Begin PBXResourcesBuildPhase section */
		6C9DEF552650C0C500F1FA85 /* Resources */ = {
			isa = PBXResourcesBuildPhase;
			buildActionMask = 2147483647;
			files = (
				6C9DEF672650C0C600F1FA85 /* LaunchScreen.storyboard in Resources */,
				6C025C6D2650F536003E5DFF /* GoogleService-Info.plist in Resources */,
				6C9DEF642650C0C600F1FA85 /* Assets.xcassets in Resources */,
				6C9DEF622650C0C500F1FA85 /* Main.storyboard in Resources */,
				6C025C7926525CEB003E5DFF /* FeedCell.xib in Resources */,
			);
			runOnlyForDeploymentPostprocessing = 0;
		};
/* End PBXResourcesBuildPhase section */

/* Begin PBXShellScriptBuildPhase section */
		43B23393DADFA652A7483F22 /* [CP] Embed Pods Frameworks */ = {
			isa = PBXShellScriptBuildPhase;
			buildActionMask = 2147483647;
			files = (
			);
			inputFileListPaths = (
				"${PODS_ROOT}/Target Support Files/Pods-meigenApp/Pods-meigenApp-frameworks-${CONFIGURATION}-input-files.xcfilelist",
			);
			name = "[CP] Embed Pods Frameworks";
			outputFileListPaths = (
				"${PODS_ROOT}/Target Support Files/Pods-meigenApp/Pods-meigenApp-frameworks-${CONFIGURATION}-output-files.xcfilelist",
			);
			runOnlyForDeploymentPostprocessing = 0;
			shellPath = /bin/sh;
			shellScript = "\"${PODS_ROOT}/Target Support Files/Pods-meigenApp/Pods-meigenApp-frameworks.sh\"\n";
			showEnvVarsInLog = 0;
		};
		C0247C321783A7923280B054 /* [CP] Check Pods Manifest.lock */ = {
			isa = PBXShellScriptBuildPhase;
			buildActionMask = 2147483647;
			files = (
			);
			inputFileListPaths = (
			);
			inputPaths = (
				"${PODS_PODFILE_DIR_PATH}/Podfile.lock",
				"${PODS_ROOT}/Manifest.lock",
			);
			name = "[CP] Check Pods Manifest.lock";
			outputFileListPaths = (
			);
			outputPaths = (
				"$(DERIVED_FILE_DIR)/Pods-meigenApp-checkManifestLockResult.txt",
			);
			runOnlyForDeploymentPostprocessing = 0;
			shellPath = /bin/sh;
			shellScript = "diff \"${PODS_PODFILE_DIR_PATH}/Podfile.lock\" \"${PODS_ROOT}/Manifest.lock\" > /dev/null\nif [ $? != 0 ] ; then\n    # print error to STDERR\n    echo \"error: The sandbox is not in sync with the Podfile.lock. Run 'pod install' or update your CocoaPods installation.\" >&2\n    exit 1\nfi\n# This output is used by Xcode 'outputs' to avoid re-running this script phase.\necho \"SUCCESS\" > \"${SCRIPT_OUTPUT_FILE_0}\"\n";
			showEnvVarsInLog = 0;
		};
/* End PBXShellScriptBuildPhase section */

/* Begin PBXSourcesBuildPhase section */
		6C9DEF532650C0C500F1FA85 /* Sources */ = {
			isa = PBXSourcesBuildPhase;
			buildActionMask = 2147483647;
			files = (
				6C025C7826525CEB003E5DFF /* FeedCell.swift in Sources */,
				6C025C6B2650F0C1003E5DFF /* LoginViewController.swift in Sources */,
				6C9DEF5F2650C0C500F1FA85 /* ViewController.swift in Sources */,
				6C025C6F26524F85003E5DFF /* FeedViewController.swift in Sources */,
				6C9DEF5B2650C0C500F1FA85 /* AppDelegate.swift in Sources */,
				6C9DEF5D2650C0C500F1FA85 /* SceneDelegate.swift in Sources */,
				6C025C72265259C8003E5DFF /* Feeds.swift in Sources */,
			);
			runOnlyForDeploymentPostprocessing = 0;
		};
/* End PBXSourcesBuildPhase section */

/* Begin PBXVariantGroup section */
		6C9DEF602650C0C500F1FA85 /* Main.storyboard */ = {
			isa = PBXVariantGroup;
			children = (
				6C9DEF612650C0C500F1FA85 /* Base */,
			);
			name = Main.storyboard;
			sourceTree = "<group>";
		};
		6C9DEF652650C0C600F1FA85 /* LaunchScreen.storyboard */ = {
			isa = PBXVariantGroup;
			children = (
				6C9DEF662650C0C600F1FA85 /* Base */,
			);
			name = LaunchScreen.storyboard;
			sourceTree = "<group>";
		};
/* End PBXVariantGroup section */

/* Begin XCBuildConfiguration section */
		6C9DEF692650C0C600F1FA85 /* Debug */ = {
			isa = XCBuildConfiguration;
			buildSettings = {
				ALWAYS_SEARCH_USER_PATHS = NO;
				CLANG_ANALYZER_NONNULL = YES;
				CLANG_ANALYZER_NUMBER_OBJECT_CONVERSION = YES_AGGRESSIVE;
				CLANG_CXX_LANGUAGE_STANDARD = "gnu++14";
				CLANG_CXX_LIBRARY = "libc++";
				CLANG_ENABLE_MODULES = YES;
				CLANG_ENABLE_OBJC_ARC = YES;
				CLANG_ENABLE_OBJC_WEAK = YES;
				CLANG_WARN_BLOCK_CAPTURE_AUTORELEASING = YES;
				CLANG_WARN_BOOL_CONVERSION = YES;
				CLANG_WARN_COMMA = YES;
				CLANG_WARN_CONSTANT_CONVERSION = YES;
				CLANG_WARN_DEPRECATED_OBJC_IMPLEMENTATIONS = YES;
				CLANG_WARN_DIRECT_OBJC_ISA_USAGE = YES_ERROR;
				CLANG_WARN_DOCUMENTATION_COMMENTS = YES;
				CLANG_WARN_EMPTY_BODY = YES;
				CLANG_WARN_ENUM_CONVERSION = YES;
				CLANG_WARN_INFINITE_RECURSION = YES;
				CLANG_WARN_INT_CONVERSION = YES;
				CLANG_WARN_NON_LITERAL_NULL_CONVERSION = YES;
				CLANG_WARN_OBJC_IMPLICIT_RETAIN_SELF = YES;
				CLANG_WARN_OBJC_LITERAL_CONVERSION = YES;
				CLANG_WARN_OBJC_ROOT_CLASS = YES_ERROR;
				CLANG_WARN_QUOTED_INCLUDE_IN_FRAMEWORK_HEADER = YES;
				CLANG_WARN_RANGE_LOOP_ANALYSIS = YES;
				CLANG_WARN_STRICT_PROTOTYPES = YES;
				CLANG_WARN_SUSPICIOUS_MOVE = YES;
				CLANG_WARN_UNGUARDED_AVAILABILITY = YES_AGGRESSIVE;
				CLANG_WARN_UNREACHABLE_CODE = YES;
				CLANG_WARN__DUPLICATE_METHOD_MATCH = YES;
				COPY_PHASE_STRIP = NO;
				DEBUG_INFORMATION_FORMAT = dwarf;
				ENABLE_STRICT_OBJC_MSGSEND = YES;
				ENABLE_TESTABILITY = YES;
				GCC_C_LANGUAGE_STANDARD = gnu11;
				GCC_DYNAMIC_NO_PIC = NO;
				GCC_NO_COMMON_BLOCKS = YES;
				GCC_OPTIMIZATION_LEVEL = 0;
				GCC_PREPROCESSOR_DEFINITIONS = (
					"DEBUG=1",
					"$(inherited)",
				);
				GCC_WARN_64_TO_32_BIT_CONVERSION = YES;
				GCC_WARN_ABOUT_RETURN_TYPE = YES_ERROR;
				GCC_WARN_UNDECLARED_SELECTOR = YES;
				GCC_WARN_UNINITIALIZED_AUTOS = YES_AGGRESSIVE;
				GCC_WARN_UNUSED_FUNCTION = YES;
				GCC_WARN_UNUSED_VARIABLE = YES;
				IPHONEOS_DEPLOYMENT_TARGET = 14.5;
				MTL_ENABLE_DEBUG_INFO = INCLUDE_SOURCE;
				MTL_FAST_MATH = YES;
				ONLY_ACTIVE_ARCH = YES;
				SDKROOT = iphoneos;
				SWIFT_ACTIVE_COMPILATION_CONDITIONS = DEBUG;
				SWIFT_OPTIMIZATION_LEVEL = "-Onone";
			};
			name = Debug;
		};
		6C9DEF6A2650C0C600F1FA85 /* Release */ = {
			isa = XCBuildConfiguration;
			buildSettings = {
				ALWAYS_SEARCH_USER_PATHS = NO;
				CLANG_ANALYZER_NONNULL = YES;
				CLANG_ANALYZER_NUMBER_OBJECT_CONVERSION = YES_AGGRESSIVE;
				CLANG_CXX_LANGUAGE_STANDARD = "gnu++14";
				CLANG_CXX_LIBRARY = "libc++";
				CLANG_ENABLE_MODULES = YES;
				CLANG_ENABLE_OBJC_ARC = YES;
				CLANG_ENABLE_OBJC_WEAK = YES;
				CLANG_WARN_BLOCK_CAPTURE_AUTORELEASING = YES;
				CLANG_WARN_BOOL_CONVERSION = YES;
				CLANG_WARN_COMMA = YES;
				CLANG_WARN_CONSTANT_CONVERSION = YES;
				CLANG_WARN_DEPRECATED_OBJC_IMPLEMENTATIONS = YES;
				CLANG_WARN_DIRECT_OBJC_ISA_USAGE = YES_ERROR;
				CLANG_WARN_DOCUMENTATION_COMMENTS = YES;
				CLANG_WARN_EMPTY_BODY = YES;
				CLANG_WARN_ENUM_CONVERSION = YES;
				CLANG_WARN_INFINITE_RECURSION = YES;
				CLANG_WARN_INT_CONVERSION = YES;
				CLANG_WARN_NON_LITERAL_NULL_CONVERSION = YES;
				CLANG_WARN_OBJC_IMPLICIT_RETAIN_SELF = YES;
				CLANG_WARN_OBJC_LITERAL_CONVERSION = YES;
				CLANG_WARN_OBJC_ROOT_CLASS = YES_ERROR;
				CLANG_WARN_QUOTED_INCLUDE_IN_FRAMEWORK_HEADER = YES;
				CLANG_WARN_RANGE_LOOP_ANALYSIS = YES;
				CLANG_WARN_STRICT_PROTOTYPES = YES;
				CLANG_WARN_SUSPICIOUS_MOVE = YES;
				CLANG_WARN_UNGUARDED_AVAILABILITY = YES_AGGRESSIVE;
				CLANG_WARN_UNREACHABLE_CODE = YES;
				CLANG_WARN__DUPLICATE_METHOD_MATCH = YES;
				COPY_PHASE_STRIP = NO;
				DEBUG_INFORMATION_FORMAT = "dwarf-with-dsym";
				ENABLE_NS_ASSERTIONS = NO;
				ENABLE_STRICT_OBJC_MSGSEND = YES;
				GCC_C_LANGUAGE_STANDARD = gnu11;
				GCC_NO_COMMON_BLOCKS = YES;
				GCC_WARN_64_TO_32_BIT_CONVERSION = YES;
				GCC_WARN_ABOUT_RETURN_TYPE = YES_ERROR;
				GCC_WARN_UNDECLARED_SELECTOR = YES;
				GCC_WARN_UNINITIALIZED_AUTOS = YES_AGGRESSIVE;
				GCC_WARN_UNUSED_FUNCTION = YES;
				GCC_WARN_UNUSED_VARIABLE = YES;
				IPHONEOS_DEPLOYMENT_TARGET = 14.5;
				MTL_ENABLE_DEBUG_INFO = NO;
				MTL_FAST_MATH = YES;
				SDKROOT = iphoneos;
				SWIFT_COMPILATION_MODE = wholemodule;
				SWIFT_OPTIMIZATION_LEVEL = "-O";
				VALIDATE_PRODUCT = YES;
			};
			name = Release;
		};
		6C9DEF6C2650C0C600F1FA85 /* Debug */ = {
			isa = XCBuildConfiguration;
			baseConfigurationReference = 940918223505DC1054555486 /* Pods-meigenApp.debug.xcconfig */;
			buildSettings = {
				ASSETCATALOG_COMPILER_APPICON_NAME = AppIcon;
				ASSETCATALOG_COMPILER_GLOBAL_ACCENT_COLOR_NAME = AccentColor;
				CODE_SIGN_STYLE = Automatic;
				DEVELOPMENT_TEAM = P24W56LHXT;
				INFOPLIST_FILE = meigenApp/Info.plist;
				LD_RUNPATH_SEARCH_PATHS = (
					"$(inherited)",
					"@executable_path/Frameworks",
				);
				PRODUCT_BUNDLE_IDENTIFIER = com.aoyamakai.meigenApp;
				PRODUCT_NAME = "$(TARGET_NAME)";
				SWIFT_VERSION = 5.0;
				TARGETED_DEVICE_FAMILY = 1;
			};
			name = Debug;
		};
		6C9DEF6D2650C0C600F1FA85 /* Release */ = {
			isa = XCBuildConfiguration;
			baseConfigurationReference = 0BAEF5FA17C8554CAABBD87E /* Pods-meigenApp.release.xcconfig */;
			buildSettings = {
				ASSETCATALOG_COMPILER_APPICON_NAME = AppIcon;
				ASSETCATALOG_COMPILER_GLOBAL_ACCENT_COLOR_NAME = AccentColor;
				CODE_SIGN_STYLE = Automatic;
				DEVELOPMENT_TEAM = P24W56LHXT;
				INFOPLIST_FILE = meigenApp/Info.plist;
				LD_RUNPATH_SEARCH_PATHS = (
					"$(inherited)",
					"@executable_path/Frameworks",
				);
				PRODUCT_BUNDLE_IDENTIFIER = com.aoyamakai.meigenApp;
				PRODUCT_NAME = "$(TARGET_NAME)";
				SWIFT_VERSION = 5.0;
				TARGETED_DEVICE_FAMILY = 1;
			};
			name = Release;
		};
/* End XCBuildConfiguration section */

/* Begin XCConfigurationList section */
		6C9DEF522650C0C500F1FA85 /* Build configuration list for PBXProject "meigenApp" */ = {
			isa = XCConfigurationList;
			buildConfigurations = (
				6C9DEF692650C0C600F1FA85 /* Debug */,
				6C9DEF6A2650C0C600F1FA85 /* Release */,
			);
			defaultConfigurationIsVisible = 0;
			defaultConfigurationName = Release;
		};
		6C9DEF6B2650C0C600F1FA85 /* Build configuration list for PBXNativeTarget "meigenApp" */ = {
			isa = XCConfigurationList;
			buildConfigurations = (
				6C9DEF6C2650C0C600F1FA85 /* Debug */,
				6C9DEF6D2650C0C600F1FA85 /* Release */,
			);
			defaultConfigurationIsVisible = 0;
			defaultConfigurationName = Release;
		};
/* End XCConfigurationList section */
	};
	rootObject = 6C9DEF4F2650C0C500F1FA85 /* Project object */;
}
